{
  "version": 4,
  "terraform_version": "0.12.3",
  "serial": 5,
  "lineage": "8a52355d-6348-30a8-3bf6-91235964fa00",
  "outputs": {},
  "resources": [
    {
      "mode": "managed",
      "type": "aws_instance",
      "name": "example",
      "provider": "provider.aws",
      "instances": [
        {
          "schema_version": 1,
          "attributes": {
            "ami": "ami-0e52b5f0b50d5c811",
            "arn": "arn:aws:ec2:eu-west-1:160442207271:instance/i-01e4a23e2f8293628",
            "associate_public_ip_address": true,
            "availability_zone": "eu-west-1b",
            "cpu_core_count": 1,
            "cpu_threads_per_core": 1,
            "credit_specification": [
              {
                "cpu_credits": "standard"
              }
            ],
            "disable_api_termination": false,
            "ebs_block_device": [],
            "ebs_optimized": false,
            "ephemeral_block_device": [],
            "get_password_data": false,
            "host_id": null,
            "iam_instance_profile": "",
            "id": "i-01e4a23e2f8293628",
            "instance_initiated_shutdown_behavior": null,
            "instance_state": "running",
            "instance_type": "t2.micro",
            "ipv6_address_count": 0,
            "ipv6_addresses": [],
            "key_name": "devopsmonks",
            "monitoring": false,
            "network_interface": [],
            "network_interface_id": null,
            "password_data": "",
            "placement_group": "",
            "primary_network_interface_id": "eni-0d8a8f22c3f6affc2",
            "private_dns": "ip-172-31-26-102.eu-west-1.compute.internal",
            "private_ip": "172.31.26.102",
            "public_dns": "ec2-34-244-220-16.eu-west-1.compute.amazonaws.com",
            "public_ip": "34.244.220.16",
            "root_block_device": [
              {
                "delete_on_termination": true,
                "iops": 100,
                "volume_id": "vol-0c6bda493c4305f5c",
                "volume_size": 8,
                "volume_type": "gp2"
              }
            ],
            "security_groups": [
              "default"
            ],
            "source_dest_check": true,
            "subnet_id": "subnet-f99dd5b1",
            "tags": {
              "Name": "nginx"
            },
            "tenancy": "default",
            "timeouts": null,
            "user_data": null,
            "user_data_base64": null,
            "volume_tags": {},
            "vpc_security_group_ids": [
              "sg-1a89466e"
            ]
          },
          "private": "eyJlMmJmYjczMC1lY2FhLTExZTYtOGY4OC0zNDM2M2JjN2M0YzAiOnsiY3JlYXRlIjo2MDAwMDAwMDAwMDAsImRlbGV0ZSI6MTIwMDAwMDAwMDAwMCwidXBkYXRlIjo2MDAwMDAwMDAwMDB9LCJzY2hlbWFfdmVyc2lvbiI6IjEifQ==",
          "depends_on": [
            "aws_key_pair.devopsmonks"
          ]
        }
      ]
    },
    {
      "mode": "managed",
      "type": "aws_key_pair",
      "name": "devopsmonks",
      "provider": "provider.aws",
      "instances": [
        {
          "schema_version": 1,
          "attributes": {
            "fingerprint": "50:71:c5:1c:a5:dd:df:95:c0:ed:65:e2:a1:f8:aa:69",
            "id": "devopsmonks",
            "key_name": "devopsmonks",
            "key_name_prefix": null,
            "public_key": "ssh-rsa AAAAB3NzaC1yc2EAAAADAQABAAABAQDOtGhVGF5jo2zSzpQSil0B6uxjWWmSTjT6pwiYJ4JpBkReWHggXRXBtQv0cm6uvRkfM7wM2+3FRQWa9E7krviUzm3GzRE1LDJ0kB6wMYXf8WkTeg9p9KtUJ8GZhRGc06jEdeL6F8Bgqu7G3vStAlQl+DTrCDdlwmRx9YiMRyyAVHzlYMjNj4mwDGZnrJYmFDTBL+Rj1Vey9k5XjUmODvUBUNHf8USHQn2oxIgxoh3fgleKEaNLwQ87jztDMsapK7VWE7sToiAL26d9KlMjIwUxOOiHXo+2mM10nQrel3DU4RJ7oCwvJC1ZSavg2u+iLMpalKxTIfkH8lWnaBB/iXll"
          },
          "private": "eyJzY2hlbWFfdmVyc2lvbiI6IjEifQ=="
        }
      ]
    }
  ]
}
